// !$*UTF8*$!
{
	archiveVersion = 1;
	classes = {
	};
	objectVersion = 46;
	objects = {

/* Begin PBXBuildFile section */
		752EC2281E71A23A00C57C39 /* CardView.swift in Sources */ = {isa = PBXBuildFile; fileRef = 752EC2271E71A23A00C57C39 /* CardView.swift */; };
		754DC7261E8847D6009A929B /* Data.swift in Sources */ = {isa = PBXBuildFile; fileRef = 754DC7251E8847D6009A929B /* Data.swift */; };
		75B7951B1EB8D51F00F5F2FC /* WelcomeViewController.swift in Sources */ = {isa = PBXBuildFile; fileRef = 75B7951A1EB8D51F00F5F2FC /* WelcomeViewController.swift */; };
		75C340141E428D2600A82FDF /* AppDelegate.swift in Sources */ = {isa = PBXBuildFile; fileRef = 75C340131E428D2600A82FDF /* AppDelegate.swift */; };
		75C340161E428D2600A82FDF /* LoginViewController.swift in Sources */ = {isa = PBXBuildFile; fileRef = 75C340151E428D2600A82FDF /* LoginViewController.swift */; };
		75C340191E428D2600A82FDF /* Main.storyboard in Resources */ = {isa = PBXBuildFile; fileRef = 75C340171E428D2600A82FDF /* Main.storyboard */; };
		75C3401B1E428D2600A82FDF /* Assets.xcassets in Resources */ = {isa = PBXBuildFile; fileRef = 75C3401A1E428D2600A82FDF /* Assets.xcassets */; };
		75C340291E428D2600A82FDF /* MobileApplicationTests.swift in Sources */ = {isa = PBXBuildFile; fileRef = 75C340281E428D2600A82FDF /* MobileApplicationTests.swift */; };
		75C7C5A31EB364DD00753966 /* DeliveryRider.swift in Sources */ = {isa = PBXBuildFile; fileRef = 75C7C5A21EB364DD00753966 /* DeliveryRider.swift */; };
		75C7C5A51EB3660B00753966 /* Person.swift in Sources */ = {isa = PBXBuildFile; fileRef = 75C7C5A41EB3660B00753966 /* Person.swift */; };
/* End PBXBuildFile section */

/* Begin PBXContainerItemProxy section */
		75C340251E428D2600A82FDF /* PBXContainerItemProxy */ = {
			isa = PBXContainerItemProxy;
			containerPortal = 75C340081E428D2500A82FDF /* Project object */;
			proxyType = 1;
			remoteGlobalIDString = 75C3400F1E428D2500A82FDF;
			remoteInfo = MobileApplication;
		};
/* End PBXContainerItemProxy section */

/* Begin PBXFileReference section */
		752EC2271E71A23A00C57C39 /* CardView.swift */ = {isa = PBXFileReference; fileEncoding = 4; lastKnownFileType = sourcecode.swift; path = CardView.swift; sourceTree = "<group>"; };
		754DC7251E8847D6009A929B /* Data.swift */ = {isa = PBXFileReference; fileEncoding = 4; lastKnownFileType = sourcecode.swift; path = Data.swift; sourceTree = "<group>"; };
		75B7951A1EB8D51F00F5F2FC /* WelcomeViewController.swift */ = {isa = PBXFileReference; fileEncoding = 4; lastKnownFileType = sourcecode.swift; path = WelcomeViewController.swift; sourceTree = "<group>"; };
		75C340101E428D2600A82FDF /* MobileApplication.app */ = {isa = PBXFileReference; explicitFileType = wrapper.application; includeInIndex = 0; path = MobileApplication.app; sourceTree = BUILT_PRODUCTS_DIR; };
		75C340131E428D2600A82FDF /* AppDelegate.swift */ = {isa = PBXFileReference; lastKnownFileType = sourcecode.swift; path = AppDelegate.swift; sourceTree = "<group>"; };
		75C340151E428D2600A82FDF /* LoginViewController.swift */ = {isa = PBXFileReference; lastKnownFileType = sourcecode.swift; path = LoginViewController.swift; sourceTree = "<group>"; };
		75C340181E428D2600A82FDF /* Base */ = {isa = PBXFileReference; lastKnownFileType = file.storyboard; name = Base; path = Base.lproj/Main.storyboard; sourceTree = "<group>"; };
		75C3401A1E428D2600A82FDF /* Assets.xcassets */ = {isa = PBXFileReference; lastKnownFileType = folder.assetcatalog; path = Assets.xcassets; sourceTree = "<group>"; };
		75C3401F1E428D2600A82FDF /* Info.plist */ = {isa = PBXFileReference; lastKnownFileType = text.plist.xml; path = Info.plist; sourceTree = "<group>"; };
		75C340241E428D2600A82FDF /* MobileApplicationTests.xctest */ = {isa = PBXFileReference; explicitFileType = wrapper.cfbundle; includeInIndex = 0; path = MobileApplicationTests.xctest; sourceTree = BUILT_PRODUCTS_DIR; };
		75C340281E428D2600A82FDF /* MobileApplicationTests.swift */ = {isa = PBXFileReference; lastKnownFileType = sourcecode.swift; path = MobileApplicationTests.swift; sourceTree = "<group>"; };
		75C3402A1E428D2600A82FDF /* Info.plist */ = {isa = PBXFileReference; lastKnownFileType = text.plist.xml; path = Info.plist; sourceTree = "<group>"; };
		75C7C5A21EB364DD00753966 /* DeliveryRider.swift */ = {isa = PBXFileReference; fileEncoding = 4; lastKnownFileType = sourcecode.swift; path = DeliveryRider.swift; sourceTree = "<group>"; };
		75C7C5A41EB3660B00753966 /* Person.swift */ = {isa = PBXFileReference; fileEncoding = 4; lastKnownFileType = sourcecode.swift; path = Person.swift; sourceTree = "<group>"; };
/* End PBXFileReference section */

/* Begin PBXFrameworksBuildPhase section */
		75C3400D1E428D2500A82FDF /* Frameworks */ = {
			isa = PBXFrameworksBuildPhase;
			buildActionMask = 2147483647;
			files = (
			);
			runOnlyForDeploymentPostprocessing = 0;
		};
		75C340211E428D2600A82FDF /* Frameworks */ = {
			isa = PBXFrameworksBuildPhase;
			buildActionMask = 2147483647;
			files = (
			);
			runOnlyForDeploymentPostprocessing = 0;
		};
/* End PBXFrameworksBuildPhase section */

/* Begin PBXGroup section */
		752EC2261E71A20600C57C39 /* Controllers */ = {
			isa = PBXGroup;
			children = (
				75C340151E428D2600A82FDF /* LoginViewController.swift */,
				75B7951A1EB8D51F00F5F2FC /* WelcomeViewController.swift */,
			);
			name = Controllers;
			sourceTree = "<group>";
		};
		75C340071E428D2500A82FDF = {
			isa = PBXGroup;
			children = (
				75C340121E428D2600A82FDF /* MobileApplication */,
				75C340271E428D2600A82FDF /* MobileApplicationTests */,
				75C340111E428D2600A82FDF /* Products */,
			);
			sourceTree = "<group>";
		};
		75C340111E428D2600A82FDF /* Products */ = {
			isa = PBXGroup;
			children = (
				75C340101E428D2600A82FDF /* MobileApplication.app */,
				75C340241E428D2600A82FDF /* MobileApplicationTests.xctest */,
			);
			name = Products;
			sourceTree = "<group>";
		};
		75C340121E428D2600A82FDF /* MobileApplication */ = {
			isa = PBXGroup;
			children = (
				752EC2261E71A20600C57C39 /* Controllers */,
				752EC2271E71A23A00C57C39 /* CardView.swift */,
				75C340131E428D2600A82FDF /* AppDelegate.swift */,
				75C340171E428D2600A82FDF /* Main.storyboard */,
				75C3401A1E428D2600A82FDF /* Assets.xcassets */,
				75C3401F1E428D2600A82FDF /* Info.plist */,
				754DC7251E8847D6009A929B /* Data.swift */,
				75C7C5A21EB364DD00753966 /* DeliveryRider.swift */,
				75C7C5A41EB3660B00753966 /* Person.swift */,
			);
			path = MobileApplication;
			sourceTree = "<group>";
		};
		75C340271E428D2600A82FDF /* MobileApplicationTests */ = {
			isa = PBXGroup;
			children = (
				75C340281E428D2600A82FDF /* MobileApplicationTests.swift */,
				75C3402A1E428D2600A82FDF /* Info.plist */,
			);
			path = MobileApplicationTests;
			sourceTree = "<group>";
		};
/* End PBXGroup section */

/* Begin PBXNativeTarget section */
		75C3400F1E428D2500A82FDF /* MobileApplication */ = {
			isa = PBXNativeTarget;
			buildConfigurationList = 75C3402D1E428D2600A82FDF /* Build configuration list for PBXNativeTarget "MobileApplication" */;
			buildPhases = (
				75C3400C1E428D2500A82FDF /* Sources */,
				75C3400D1E428D2500A82FDF /* Frameworks */,
				75C3400E1E428D2500A82FDF /* Resources */,
			);
			buildRules = (
			);
			dependencies = (
			);
			name = MobileApplication;
			productName = MobileApplication;
			productReference = 75C340101E428D2600A82FDF /* MobileApplication.app */;
			productType = "com.apple.product-type.application";
		};
		75C340231E428D2600A82FDF /* MobileApplicationTests */ = {
			isa = PBXNativeTarget;
			buildConfigurationList = 75C340301E428D2600A82FDF /* Build configuration list for PBXNativeTarget "MobileApplicationTests" */;
			buildPhases = (
				75C340201E428D2600A82FDF /* Sources */,
				75C340211E428D2600A82FDF /* Frameworks */,
				75C340221E428D2600A82FDF /* Resources */,
			);
			buildRules = (
			);
			dependencies = (
				75C340261E428D2600A82FDF /* PBXTargetDependency */,
			);
			name = MobileApplicationTests;
			productName = MobileApplicationTests;
			productReference = 75C340241E428D2600A82FDF /* MobileApplicationTests.xctest */;
			productType = "com.apple.product-type.bundle.unit-test";
		};
/* End PBXNativeTarget section */

/* Begin PBXProject section */
		75C340081E428D2500A82FDF /* Project object */ = {
			isa = PBXProject;
			attributes = {
				LastSwiftUpdateCheck = 0820;
				LastUpgradeCheck = 0820;
				ORGANIZATIONNAME = "PRCS251-Q";
				TargetAttributes = {
					75C3400F1E428D2500A82FDF = {
						CreatedOnToolsVersion = 8.2.1;
						DevelopmentTeam = NQYD42FHSS;
						ProvisioningStyle = Automatic;
					};
					75C340231E428D2600A82FDF = {
						CreatedOnToolsVersion = 8.2.1;
						ProvisioningStyle = Automatic;
						TestTargetID = 75C3400F1E428D2500A82FDF;
					};
				};
			};
			buildConfigurationList = 75C3400B1E428D2500A82FDF /* Build configuration list for PBXProject "MobileApplication" */;
			compatibilityVersion = "Xcode 3.2";
			developmentRegion = English;
			hasScannedForEncodings = 0;
			knownRegions = (
				en,
				Base,
			);
			mainGroup = 75C340071E428D2500A82FDF;
			productRefGroup = 75C340111E428D2600A82FDF /* Products */;
			projectDirPath = "";
			projectRoot = "";
			targets = (
				75C3400F1E428D2500A82FDF /* MobileApplication */,
				75C340231E428D2600A82FDF /* MobileApplicationTests */,
			);
		};
/* End PBXProject section */

/* Begin PBXResourcesBuildPhase section */
		75C3400E1E428D2500A82FDF /* Resources */ = {
			isa = PBXResourcesBuildPhase;
			buildActionMask = 2147483647;
			files = (
				75C3401B1E428D2600A82FDF /* Assets.xcassets in Resources */,
				75C340191E428D2600A82FDF /* Main.storyboard in Resources */,
			);
			runOnlyForDeploymentPostprocessing = 0;
		};
		75C340221E428D2600A82FDF /* Resources */ = {
			isa = PBXResourcesBuildPhase;
			buildActionMask = 2147483647;
			files = (
			);
			runOnlyForDeploymentPostprocessing = 0;
		};
/* End PBXResourcesBuildPhase section */

/* Begin PBXSourcesBuildPhase section */
		75C3400C1E428D2500A82FDF /* Sources */ = {
			isa = PBXSourcesBuildPhase;
			buildActionMask = 2147483647;
			files = (
				75C7C5A51EB3660B00753966 /* Person.swift in Sources */,
				75C340161E428D2600A82FDF /* LoginViewController.swift in Sources */,
				752EC2281E71A23A00C57C39 /* CardView.swift in Sources */,
				75C340141E428D2600A82FDF /* AppDelegate.swift in Sources */,
				75C7C5A31EB364DD00753966 /* DeliveryRider.swift in Sources */,
				754DC7261E8847D6009A929B /* Data.swift in Sources */,
				75B7951B1EB8D51F00F5F2FC /* WelcomeViewController.swift in Sources */,
			);
			runOnlyForDeploymentPostprocessing = 0;
		};
		75C340201E428D2600A82FDF /* Sources */ = {
			isa = PBXSourcesBuildPhase;
			buildActionMask = 2147483647;
			files = (
				75C340291E428D2600A82FDF /* MobileApplicationTests.swift in Sources */,
			);
			runOnlyForDeploymentPostprocessing = 0;
		};
/* End PBXSourcesBuildPhase section */

/* Begin PBXTargetDependency section */
		75C340261E428D2600A82FDF /* PBXTargetDependency */ = {
			isa = PBXTargetDependency;
			target = 75C3400F1E428D2500A82FDF /* MobileApplication */;
			targetProxy = 75C340251E428D2600A82FDF /* PBXContainerItemProxy */;
		};
/* End PBXTargetDependency section */

/* Begin PBXVariantGroup section */
		75C340171E428D2600A82FDF /* Main.storyboard */ = {
			isa = PBXVariantGroup;
			children = (
				75C340181E428D2600A82FDF /* Base */,
			);
			name = Main.storyboard;
			sourceTree = "<group>";
		};
/* End PBXVariantGroup section */

/* Begin XCBuildConfiguration section */
		75C3402B1E428D2600A82FDF /* Debug */ = {
			isa = XCBuildConfiguration;
			buildSettings = {
				ALWAYS_SEARCH_USER_PATHS = NO;
				CLANG_ANALYZER_NONNULL = YES;
				CLANG_CXX_LANGUAGE_STANDARD = "gnu++0x";
				CLANG_CXX_LIBRARY = "libc++";
				CLANG_ENABLE_MODULES = YES;
				CLANG_ENABLE_OBJC_ARC = YES;
				CLANG_WARN_BOOL_CONVERSION = YES;
				CLANG_WARN_CONSTANT_CONVERSION = YES;
				CLANG_WARN_DIRECT_OBJC_ISA_USAGE = YES_ERROR;
				CLANG_WARN_DOCUMENTATION_COMMENTS = YES;
				CLANG_WARN_EMPTY_BODY = YES;
				CLANG_WARN_ENUM_CONVERSION = YES;
				CLANG_WARN_INFINITE_RECURSION = YES;
				CLANG_WARN_INT_CONVERSION = YES;
				CLANG_WARN_OBJC_ROOT_CLASS = YES_ERROR;
				CLANG_WARN_SUSPICIOUS_MOVE = YES;
				CLANG_WARN_UNREACHABLE_CODE = YES;
				CLANG_WARN__DUPLICATE_METHOD_MATCH = YES;
				"CODE_SIGN_IDENTITY[sdk=iphoneos*]" = "iPhone Developer";
				COPY_PHASE_STRIP = NO;
				DEBUG_INFORMATION_FORMAT = dwarf;
				ENABLE_STRICT_OBJC_MSGSEND = YES;
				ENABLE_TESTABILITY = YES;
				GCC_C_LANGUAGE_STANDARD = gnu99;
				GCC_DYNAMIC_NO_PIC = NO;
				GCC_NO_COMMON_BLOCKS = YES;
				GCC_OPTIMIZATION_LEVEL = 0;
				GCC_PREPROCESSOR_DEFINITIONS = (
					"DEBUG=1",
					"$(inherited)",
				);
				GCC_WARN_64_TO_32_BIT_CONVERSION = YES;
				GCC_WARN_ABOUT_RETURN_TYPE = YES_ERROR;
				GCC_WARN_UNDECLARED_SELECTOR = YES;
				GCC_WARN_UNINITIALIZED_AUTOS = YES_AGGRESSIVE;
				GCC_WARN_UNUSED_FUNCTION = YES;
				GCC_WARN_UNUSED_VARIABLE = YES;
				IPHONEOS_DEPLOYMENT_TARGET = 10.2;
				MTL_ENABLE_DEBUG_INFO = YES;
				ONLY_ACTIVE_ARCH = YES;
				SDKROOT = iphoneos;
				SWIFT_ACTIVE_COMPILATION_CONDITIONS = DEBUG;
				SWIFT_OPTIMIZATION_LEVEL = "-Onone";
				TARGETED_DEVICE_FAMILY = "1,2";
			};
			name = Debug;
		};
		75C3402C1E428D2600A82FDF /* Release */ = {
			isa = XCBuildConfiguration;
			buildSettings = {
				ALWAYS_SEARCH_USER_PATHS = NO;
				CLANG_ANALYZER_NONNULL = YES;
				CLANG_CXX_LANGUAGE_STANDARD = "gnu++0x";
				CLANG_CXX_LIBRARY = "libc++";
				CLANG_ENABLE_MODULES = YES;
				CLANG_ENABLE_OBJC_ARC = YES;
				CLANG_WARN_BOOL_CONVERSION = YES;
				CLANG_WARN_CONSTANT_CONVERSION = YES;
				CLANG_WARN_DIRECT_OBJC_ISA_USAGE = YES_ERROR;
				CLANG_WARN_DOCUMENTATION_COMMENTS = YES;
				CLANG_WARN_EMPTY_BODY = YES;
				CLANG_WARN_ENUM_CONVERSION = YES;
				CLANG_WARN_INFINITE_RECURSION = YES;
				CLANG_WARN_INT_CONVERSION = YES;
				CLANG_WARN_OBJC_ROOT_CLASS = YES_ERROR;
				CLANG_WARN_SUSPICIOUS_MOVE = YES;
				CLANG_WARN_UNREACHABLE_CODE = YES;
				CLANG_WARN__DUPLICATE_METHOD_MATCH = YES;
				"CODE_SIGN_IDENTITY[sdk=iphoneos*]" = "iPhone Developer";
				COPY_PHASE_STRIP = NO;
				DEBUG_INFORMATION_FORMAT = "dwarf-with-dsym";
				ENABLE_NS_ASSERTIONS = NO;
				ENABLE_STRICT_OBJC_MSGSEND = YES;
				GCC_C_LANGUAGE_STANDARD = gnu99;
				GCC_NO_COMMON_BLOCKS = YES;
				GCC_WARN_64_TO_32_BIT_CONVERSION = YES;
				GCC_WARN_ABOUT_RETURN_TYPE = YES_ERROR;
				GCC_WARN_UNDECLARED_SELECTOR = YES;
				GCC_WARN_UNINITIALIZED_AUTOS = YES_AGGRESSIVE;
				GCC_WARN_UNUSED_FUNCTION = YES;
				GCC_WARN_UNUSED_VARIABLE = YES;
				IPHONEOS_DEPLOYMENT_TARGET = 10.2;
				MTL_ENABLE_DEBUG_INFO = NO;
				SDKROOT = iphoneos;
				SWIFT_OPTIMIZATION_LEVEL = "-Owholemodule";
				TARGETED_DEVICE_FAMILY = "1,2";
				VALIDATE_PRODUCT = YES;
			};
			name = Release;
		};
		75C3402E1E428D2600A82FDF /* Debug */ = {
			isa = XCBuildConfiguration;
			buildSettings = {
				ASSETCATALOG_COMPILER_APPICON_NAME = AppIcon;
				DEVELOPMENT_TEAM = NQYD42FHSS;
				INFOPLIST_FILE = MobileApplication/Info.plist;
				LD_RUNPATH_SEARCH_PATHS = "$(inherited) @executable_path/Frameworks";
				PRODUCT_BUNDLE_IDENTIFIER = com.q.MobileApplication;
				PRODUCT_NAME = "$(TARGET_NAME)";
				SWIFT_VERSION = 3.0;
			};
			name = Debug;
		};
		75C3402F1E428D2600A82FDF /* Release */ = {
			isa = XCBuildConfiguration;
			buildSettings = {
				ASSETCATALOG_COMPILER_APPICON_NAME = AppIcon;
				DEVELOPMENT_TEAM = NQYD42FHSS;
				INFOPLIST_FILE = MobileApplication/Info.plist;
				LD_RUNPATH_SEARCH_PATHS = "$(inherited) @executable_path/Frameworks";
				PRODUCT_BUNDLE_IDENTIFIER = com.q.MobileApplication;
				PRODUCT_NAME = "$(TARGET_NAME)";
				SWIFT_VERSION = 3.0;
			};
			name = Release;
		};
		75C340311E428D2600A82FDF /* Debug */ = {
			isa = XCBuildConfiguration;
			buildSettings = {
				ALWAYS_EMBED_SWIFT_STANDARD_LIBRARIES = YES;
				BUNDLE_LOADER = "$(TEST_HOST)";
				INFOPLIST_FILE = MobileApplicationTests/Info.plist;
				LD_RUNPATH_SEARCH_PATHS = "$(inherited) @executable_path/Frameworks @loader_path/Frameworks";
				PRODUCT_BUNDLE_IDENTIFIER = com.q.MobileApplicationTests;
				PRODUCT_NAME = "$(TARGET_NAME)";
				SWIFT_VERSION = 3.0;
				TEST_HOST = "$(BUILT_PRODUCTS_DIR)/MobileApplication.app/MobileApplication";
			};
			name = Debug;
		};
		75C340321E428D2600A82FDF /* Release */ = {
			isa = XCBuildConfiguration;
			buildSettings = {
				ALWAYS_EMBED_SWIFT_STANDARD_LIBRARIES = YES;
				BUNDLE_LOADER = "$(TEST_HOST)";
				INFOPLIST_FILE = MobileApplicationTests/Info.plist;
				LD_RUNPATH_SEARCH_PATHS = "$(inherited) @executable_path/Frameworks @loader_path/Frameworks";
				PRODUCT_BUNDLE_IDENTIFIER = com.q.MobileApplicationTests;
				PRODUCT_NAME = "$(TARGET_NAME)";
				SWIFT_VERSION = 3.0;
				TEST_HOST = "$(BUILT_PRODUCTS_DIR)/MobileApplication.app/MobileApplication";
			};
			name = Release;
		};
/* End XCBuildConfiguration section */

/* Begin XCConfigurationList section */
		75C3400B1E428D2500A82FDF /* Build configuration list for PBXProject "MobileApplication" */ = {
			isa = XCConfigurationList;
			buildConfigurations = (
				75C3402B1E428D2600A82FDF /* Debug */,
				75C3402C1E428D2600A82FDF /* Release */,
			);
			defaultConfigurationIsVisible = 0;
			defaultConfigurationName = Release;
		};
		75C3402D1E428D2600A82FDF /* Build configuration list for PBXNativeTarget "MobileApplication" */ = {
			isa = XCConfigurationList;
			buildConfigurations = (
				75C3402E1E428D2600A82FDF /* Debug */,
				75C3402F1E428D2600A82FDF /* Release */,
			);
			defaultConfigurationIsVisible = 0;
			defaultConfigurationName = Release;
		};
		75C340301E428D2600A82FDF /* Build configuration list for PBXNativeTarget "MobileApplicationTests" */ = {
			isa = XCConfigurationList;
			buildConfigurations = (
				75C340311E428D2600A82FDF /* Debug */,
				75C340321E428D2600A82FDF /* Release */,
			);
			defaultConfigurationIsVisible = 0;
			defaultConfigurationName = Release;
		};
/* End XCConfigurationList section */
	};
	rootObject = 75C340081E428D2500A82FDF /* Project object */;
}
